// !$*UTF8*$!
{
	archiveVersion = 1;
	classes = {
	};
	objectVersion = 55;
	objects = {

/* Begin PBXBuildFile section */
		E914D1DD28C7EB660046E62E /* AppConstant.swift in Sources */ = {isa = PBXBuildFile; fileRef = E914D1DC28C7EB660046E62E /* AppConstant.swift */; };
		E914D1DF28C822020046E62E /* CacheableImageView.swift in Sources */ = {isa = PBXBuildFile; fileRef = E914D1DE28C822020046E62E /* CacheableImageView.swift */; };
		E968697728C6B2E700E0E323 /* mockFeedData.json in Resources */ = {isa = PBXBuildFile; fileRef = E968697628C6B2E700E0E323 /* mockFeedData.json */; };
		E97BF1C5289AEBA1001EB220 /* VCPreviewer.swift in Sources */ = {isa = PBXBuildFile; fileRef = E97BF1C4289AEBA1001EB220 /* VCPreviewer.swift */; };
		E9995F5B289EAFD200221973 /* MiniPlayerControlView.swift in Sources */ = {isa = PBXBuildFile; fileRef = E9995F5A289EAFD200221973 /* MiniPlayerControlView.swift */; };
		E9995F5D289EB69500221973 /* VideoPlayerView.swift in Sources */ = {isa = PBXBuildFile; fileRef = E9995F5C289EB69500221973 /* VideoPlayerView.swift */; };
		E9995F61289F388800221973 /* Protocols.swift in Sources */ = {isa = PBXBuildFile; fileRef = E9995F60289F388800221973 /* Protocols.swift */; };
		E9AA899F28C9344900C3B2CD /* CommunityPostCell.swift in Sources */ = {isa = PBXBuildFile; fileRef = E9AA899E28C9344900C3B2CD /* CommunityPostCell.swift */; };
		E9AA89A128C93D0A00C3B2CD /* ViewPreviewer.swift in Sources */ = {isa = PBXBuildFile; fileRef = E9AA89A028C93D0A00C3B2CD /* ViewPreviewer.swift */; };
		E9AE20A82891A98A00B87B23 /* AppDelegate.swift in Sources */ = {isa = PBXBuildFile; fileRef = E9AE20A72891A98A00B87B23 /* AppDelegate.swift */; };
		E9AE20AA2891A98A00B87B23 /* SceneDelegate.swift in Sources */ = {isa = PBXBuildFile; fileRef = E9AE20A92891A98A00B87B23 /* SceneDelegate.swift */; };
		E9AE20AC2891A98A00B87B23 /* HomeVC.swift in Sources */ = {isa = PBXBuildFile; fileRef = E9AE20AB2891A98A00B87B23 /* HomeVC.swift */; };
		E9AE20B12891A98C00B87B23 /* Assets.xcassets in Resources */ = {isa = PBXBuildFile; fileRef = E9AE20B02891A98C00B87B23 /* Assets.xcassets */; };
		E9AE20B42891A98C00B87B23 /* LaunchScreen.storyboard in Resources */ = {isa = PBXBuildFile; fileRef = E9AE20B22891A98C00B87B23 /* LaunchScreen.storyboard */; };
		E9AE20BD2891AAC300B87B23 /* MainTabbarVC.swift in Sources */ = {isa = PBXBuildFile; fileRef = E9AE20BC2891AAC300B87B23 /* MainTabbarVC.swift */; };
		E9AE20BF2891B05400B87B23 /* Constants.swift in Sources */ = {isa = PBXBuildFile; fileRef = E9AE20BE2891B05400B87B23 /* Constants.swift */; };
		E9AE20C12891B1AE00B87B23 /* Utils.swift in Sources */ = {isa = PBXBuildFile; fileRef = E9AE20C02891B1AE00B87B23 /* Utils.swift */; };
		E9AE20C32891C58300B87B23 /* FeedContent.swift in Sources */ = {isa = PBXBuildFile; fileRef = E9AE20C22891C58300B87B23 /* FeedContent.swift */; };
		E9AE20C52891C95100B87B23 /* HomeFeedCell.swift in Sources */ = {isa = PBXBuildFile; fileRef = E9AE20C42891C95100B87B23 /* HomeFeedCell.swift */; };
		E9AE20C82891C9BE00B87B23 /* PaddedlUILabel.swift in Sources */ = {isa = PBXBuildFile; fileRef = E9AE20C72891C9BE00B87B23 /* PaddedlUILabel.swift */; };
		E9AE20CA2891CB9E00B87B23 /* ShortsContainerViewCell.swift in Sources */ = {isa = PBXBuildFile; fileRef = E9AE20C92891CB9E00B87B23 /* ShortsContainerViewCell.swift */; };
		E9AE20CC2891CC2000B87B23 /* PreviewShortsCell.swift in Sources */ = {isa = PBXBuildFile; fileRef = E9AE20CB2891CC2000B87B23 /* PreviewShortsCell.swift */; };
		E9C29FC628CA854E0003BBA3 /* StoriesCollectionCell.swift in Sources */ = {isa = PBXBuildFile; fileRef = E9C29FC528CA854E0003BBA3 /* StoriesCollectionCell.swift */; };
		E9C29FC828CA86090003BBA3 /* PreviewStoryCell.swift in Sources */ = {isa = PBXBuildFile; fileRef = E9C29FC728CA86090003BBA3 /* PreviewStoryCell.swift */; };
		E9C4A01628C7AED400466CDD /* MockData.swift in Sources */ = {isa = PBXBuildFile; fileRef = E9C4A01528C7AED400466CDD /* MockData.swift */; };
		E9C4A01828C7AFD500466CDD /* NetworkingService.swift in Sources */ = {isa = PBXBuildFile; fileRef = E9C4A01728C7AFD500466CDD /* NetworkingService.swift */; };
/* End PBXBuildFile section */

/* Begin PBXFileReference section */
		E914D1DC28C7EB660046E62E /* AppConstant.swift */ = {isa = PBXFileReference; lastKnownFileType = sourcecode.swift; path = AppConstant.swift; sourceTree = "<group>"; };
		E914D1DE28C822020046E62E /* CacheableImageView.swift */ = {isa = PBXFileReference; lastKnownFileType = sourcecode.swift; path = CacheableImageView.swift; sourceTree = "<group>"; };
		E968697628C6B2E700E0E323 /* mockFeedData.json */ = {isa = PBXFileReference; fileEncoding = 4; lastKnownFileType = text.json; path = mockFeedData.json; sourceTree = "<group>"; };
		E97BF1C4289AEBA1001EB220 /* VCPreviewer.swift */ = {isa = PBXFileReference; lastKnownFileType = sourcecode.swift; path = VCPreviewer.swift; sourceTree = "<group>"; };
		E9995F5A289EAFD200221973 /* MiniPlayerControlView.swift */ = {isa = PBXFileReference; lastKnownFileType = sourcecode.swift; path = MiniPlayerControlView.swift; sourceTree = "<group>"; };
		E9995F5C289EB69500221973 /* VideoPlayerView.swift */ = {isa = PBXFileReference; lastKnownFileType = sourcecode.swift; path = VideoPlayerView.swift; sourceTree = "<group>"; };
		E9995F60289F388800221973 /* Protocols.swift */ = {isa = PBXFileReference; lastKnownFileType = sourcecode.swift; path = Protocols.swift; sourceTree = "<group>"; };
		E9AA899E28C9344900C3B2CD /* CommunityPostCell.swift */ = {isa = PBXFileReference; lastKnownFileType = sourcecode.swift; path = CommunityPostCell.swift; sourceTree = "<group>"; };
		E9AA89A028C93D0A00C3B2CD /* ViewPreviewer.swift */ = {isa = PBXFileReference; lastKnownFileType = sourcecode.swift; path = ViewPreviewer.swift; sourceTree = "<group>"; };
		E9AE20A42891A98A00B87B23 /* YoutubeVideoPlayer.app */ = {isa = PBXFileReference; explicitFileType = wrapper.application; includeInIndex = 0; path = YoutubeVideoPlayer.app; sourceTree = BUILT_PRODUCTS_DIR; };
		E9AE20A72891A98A00B87B23 /* AppDelegate.swift */ = {isa = PBXFileReference; lastKnownFileType = sourcecode.swift; path = AppDelegate.swift; sourceTree = "<group>"; };
		E9AE20A92891A98A00B87B23 /* SceneDelegate.swift */ = {isa = PBXFileReference; lastKnownFileType = sourcecode.swift; path = SceneDelegate.swift; sourceTree = "<group>"; };
		E9AE20AB2891A98A00B87B23 /* HomeVC.swift */ = {isa = PBXFileReference; lastKnownFileType = sourcecode.swift; path = HomeVC.swift; sourceTree = "<group>"; };
		E9AE20B02891A98C00B87B23 /* Assets.xcassets */ = {isa = PBXFileReference; lastKnownFileType = folder.assetcatalog; path = Assets.xcassets; sourceTree = "<group>"; };
		E9AE20B32891A98C00B87B23 /* Base */ = {isa = PBXFileReference; lastKnownFileType = file.storyboard; name = Base; path = Base.lproj/LaunchScreen.storyboard; sourceTree = "<group>"; };
		E9AE20B52891A98C00B87B23 /* Info.plist */ = {isa = PBXFileReference; lastKnownFileType = text.plist.xml; path = Info.plist; sourceTree = "<group>"; };
		E9AE20BC2891AAC300B87B23 /* MainTabbarVC.swift */ = {isa = PBXFileReference; lastKnownFileType = sourcecode.swift; path = MainTabbarVC.swift; sourceTree = "<group>"; };
		E9AE20BE2891B05400B87B23 /* Constants.swift */ = {isa = PBXFileReference; lastKnownFileType = sourcecode.swift; path = Constants.swift; sourceTree = "<group>"; };
		E9AE20C02891B1AE00B87B23 /* Utils.swift */ = {isa = PBXFileReference; lastKnownFileType = sourcecode.swift; path = Utils.swift; sourceTree = "<group>"; };
		E9AE20C22891C58300B87B23 /* FeedContent.swift */ = {isa = PBXFileReference; lastKnownFileType = sourcecode.swift; path = FeedContent.swift; sourceTree = "<group>"; };
		E9AE20C42891C95100B87B23 /* HomeFeedCell.swift */ = {isa = PBXFileReference; lastKnownFileType = sourcecode.swift; path = HomeFeedCell.swift; sourceTree = "<group>"; };
		E9AE20C72891C9BE00B87B23 /* PaddedlUILabel.swift */ = {isa = PBXFileReference; lastKnownFileType = sourcecode.swift; path = PaddedlUILabel.swift; sourceTree = "<group>"; };
		E9AE20C92891CB9E00B87B23 /* ShortsContainerViewCell.swift */ = {isa = PBXFileReference; lastKnownFileType = sourcecode.swift; path = ShortsContainerViewCell.swift; sourceTree = "<group>"; };
		E9AE20CB2891CC2000B87B23 /* PreviewShortsCell.swift */ = {isa = PBXFileReference; lastKnownFileType = sourcecode.swift; path = PreviewShortsCell.swift; sourceTree = "<group>"; };
		E9C29FC528CA854E0003BBA3 /* StoriesCollectionCell.swift */ = {isa = PBXFileReference; lastKnownFileType = sourcecode.swift; path = StoriesCollectionCell.swift; sourceTree = "<group>"; };
		E9C29FC728CA86090003BBA3 /* PreviewStoryCell.swift */ = {isa = PBXFileReference; lastKnownFileType = sourcecode.swift; path = PreviewStoryCell.swift; sourceTree = "<group>"; };
		E9C4A01528C7AED400466CDD /* MockData.swift */ = {isa = PBXFileReference; lastKnownFileType = sourcecode.swift; path = MockData.swift; sourceTree = "<group>"; };
		E9C4A01728C7AFD500466CDD /* NetworkingService.swift */ = {isa = PBXFileReference; lastKnownFileType = sourcecode.swift; path = NetworkingService.swift; sourceTree = "<group>"; };
/* End PBXFileReference section */

/* Begin PBXFrameworksBuildPhase section */
		E9AE20A12891A98A00B87B23 /* Frameworks */ = {
			isa = PBXFrameworksBuildPhase;
			buildActionMask = 2147483647;
			files = (
			);
			runOnlyForDeploymentPostprocessing = 0;
		};
/* End PBXFrameworksBuildPhase section */

/* Begin PBXGroup section */
		E9117BAD2892DF8200473313 /* Home */ = {
			isa = PBXGroup;
			children = (
				E9117BB02892DFAA00473313 /* Models */,
				E9117BAF2892DFA300473313 /* Views */,
				E9117BAE2892DF9300473313 /* Controllers */,
			);
			path = Home;
			sourceTree = "<group>";
		};
		E9117BAE2892DF9300473313 /* Controllers */ = {
			isa = PBXGroup;
			children = (
				E9AE20AB2891A98A00B87B23 /* HomeVC.swift */,
			);
			path = Controllers;
			sourceTree = "<group>";
		};
		E9117BAF2892DFA300473313 /* Views */ = {
			isa = PBXGroup;
			children = (
				E9AE20C42891C95100B87B23 /* HomeFeedCell.swift */,
				E9AE20C92891CB9E00B87B23 /* ShortsContainerViewCell.swift */,
				E9AE20CB2891CC2000B87B23 /* PreviewShortsCell.swift */,
				E9995F5A289EAFD200221973 /* MiniPlayerControlView.swift */,
				E9995F5C289EB69500221973 /* VideoPlayerView.swift */,
				E9AA899E28C9344900C3B2CD /* CommunityPostCell.swift */,
				E9C29FC528CA854E0003BBA3 /* StoriesCollectionCell.swift */,
				E9C29FC728CA86090003BBA3 /* PreviewStoryCell.swift */,
			);
			path = Views;
			sourceTree = "<group>";
		};
		E9117BB02892DFAA00473313 /* Models */ = {
			isa = PBXGroup;
			children = (
				E9AE20C22891C58300B87B23 /* FeedContent.swift */,
			);
			path = Models;
			sourceTree = "<group>";
		};
		E9117BB12892DFCD00473313 /* Utils */ = {
			isa = PBXGroup;
			children = (
				E9AE20BE2891B05400B87B23 /* Constants.swift */,
				E9AE20C02891B1AE00B87B23 /* Utils.swift */,
				E97BF1C4289AEBA1001EB220 /* VCPreviewer.swift */,
				E914D1DC28C7EB660046E62E /* AppConstant.swift */,
				E9AA89A028C93D0A00C3B2CD /* ViewPreviewer.swift */,
			);
			path = Utils;
			sourceTree = "<group>";
		};
		E9117BB22892E00500473313 /* Entry Point */ = {
			isa = PBXGroup;
			children = (
				E9AE20A72891A98A00B87B23 /* AppDelegate.swift */,
				E9AE20A92891A98A00B87B23 /* SceneDelegate.swift */,
				E9AE20BC2891AAC300B87B23 /* MainTabbarVC.swift */,
			);
			path = "Entry Point";
			sourceTree = "<group>";
		};
		E981E5AE28C18A0000983A4D /* Data */ = {
			isa = PBXGroup;
			children = (
				E981E5AF28C2BF3500983A4D /* JSON */,
				E9C4A01528C7AED400466CDD /* MockData.swift */,
				E9C4A01728C7AFD500466CDD /* NetworkingService.swift */,
			);
			path = Data;
			sourceTree = "<group>";
		};
		E981E5AF28C2BF3500983A4D /* JSON */ = {
			isa = PBXGroup;
			children = (
				E968697628C6B2E700E0E323 /* mockFeedData.json */,
			);
			path = JSON;
			sourceTree = "<group>";
		};
		E9995F5E289F37C000221973 /* Assets & Launch & Info */ = {
			isa = PBXGroup;
			children = (
				E9AE20B02891A98C00B87B23 /* Assets.xcassets */,
				E9AE20B22891A98C00B87B23 /* LaunchScreen.storyboard */,
				E9AE20B52891A98C00B87B23 /* Info.plist */,
			);
			name = "Assets & Launch & Info";
			sourceTree = "<group>";
		};
		E9995F5F289F386E00221973 /* Protocols */ = {
			isa = PBXGroup;
			children = (
				E9995F60289F388800221973 /* Protocols.swift */,
			);
			path = Protocols;
			sourceTree = "<group>";
		};
		E9AE209B2891A98A00B87B23 = {
			isa = PBXGroup;
			children = (
				E9AE20A62891A98A00B87B23 /* YoutubeVideoPlayer */,
				E9AE20A52891A98A00B87B23 /* Products */,
			);
			sourceTree = "<group>";
		};
		E9AE20A52891A98A00B87B23 /* Products */ = {
			isa = PBXGroup;
			children = (
				E9AE20A42891A98A00B87B23 /* YoutubeVideoPlayer.app */,
			);
			name = Products;
			sourceTree = "<group>";
		};
		E9AE20A62891A98A00B87B23 /* YoutubeVideoPlayer */ = {
			isa = PBXGroup;
			children = (
				E981E5AE28C18A0000983A4D /* Data */,
				E9995F5E289F37C000221973 /* Assets & Launch & Info */,
				E9117BB22892E00500473313 /* Entry Point */,
				E9117BB12892DFCD00473313 /* Utils */,
				E9AE20C62891C9B400B87B23 /* Components */,
				E9117BAD2892DF8200473313 /* Home */,
				E9995F5F289F386E00221973 /* Protocols */,
			);
			path = YoutubeVideoPlayer;
			sourceTree = "<group>";
		};
		E9AE20C62891C9B400B87B23 /* Components */ = {
			isa = PBXGroup;
			children = (
				E9AE20C72891C9BE00B87B23 /* PaddedlUILabel.swift */,
				E914D1DE28C822020046E62E /* CacheableImageView.swift */,
			);
			path = Components;
			sourceTree = "<group>";
		};
/* End PBXGroup section */

/* Begin PBXNativeTarget section */
		E9AE20A32891A98A00B87B23 /* YoutubeVideoPlayer */ = {
			isa = PBXNativeTarget;
			buildConfigurationList = E9AE20B82891A98C00B87B23 /* Build configuration list for PBXNativeTarget "YoutubeVideoPlayer" */;
			buildPhases = (
				E9AE20A02891A98A00B87B23 /* Sources */,
				E9AE20A12891A98A00B87B23 /* Frameworks */,
				E9AE20A22891A98A00B87B23 /* Resources */,
			);
			buildRules = (
			);
			dependencies = (
			);
			name = YoutubeVideoPlayer;
			productName = YoutubeVideoPlayer;
			productReference = E9AE20A42891A98A00B87B23 /* YoutubeVideoPlayer.app */;
			productType = "com.apple.product-type.application";
		};
/* End PBXNativeTarget section */

/* Begin PBXProject section */
		E9AE209C2891A98A00B87B23 /* Project object */ = {
			isa = PBXProject;
			attributes = {
				BuildIndependentTargetsInParallel = 1;
				LastSwiftUpdateCheck = 1340;
				LastUpgradeCheck = 1340;
				TargetAttributes = {
					E9AE20A32891A98A00B87B23 = {
						CreatedOnToolsVersion = 13.4.1;
					};
				};
			};
			buildConfigurationList = E9AE209F2891A98A00B87B23 /* Build configuration list for PBXProject "YoutubeVideoPlayer" */;
			compatibilityVersion = "Xcode 13.0";
			developmentRegion = en;
			hasScannedForEncodings = 0;
			knownRegions = (
				en,
				Base,
			);
			mainGroup = E9AE209B2891A98A00B87B23;
			productRefGroup = E9AE20A52891A98A00B87B23 /* Products */;
			projectDirPath = "";
			projectRoot = "";
			targets = (
				E9AE20A32891A98A00B87B23 /* YoutubeVideoPlayer */,
			);
		};
/* End PBXProject section */

/* Begin PBXResourcesBuildPhase section */
		E9AE20A22891A98A00B87B23 /* Resources */ = {
			isa = PBXResourcesBuildPhase;
			buildActionMask = 2147483647;
			files = (
				E9AE20B42891A98C00B87B23 /* LaunchScreen.storyboard in Resources */,
				E9AE20B12891A98C00B87B23 /* Assets.xcassets in Resources */,
				E968697728C6B2E700E0E323 /* mockFeedData.json in Resources */,
			);
			runOnlyForDeploymentPostprocessing = 0;
		};
/* End PBXResourcesBuildPhase section */

/* Begin PBXSourcesBuildPhase section */
		E9AE20A02891A98A00B87B23 /* Sources */ = {
			isa = PBXSourcesBuildPhase;
			buildActionMask = 2147483647;
			files = (
				E9995F61289F388800221973 /* Protocols.swift in Sources */,
				E9AE20C82891C9BE00B87B23 /* PaddedlUILabel.swift in Sources */,
				E9AE20BF2891B05400B87B23 /* Constants.swift in Sources */,
				E9AE20AC2891A98A00B87B23 /* HomeVC.swift in Sources */,
				E9995F5B289EAFD200221973 /* MiniPlayerControlView.swift in Sources */,
				E9C29FC628CA854E0003BBA3 /* StoriesCollectionCell.swift in Sources */,
				E9C29FC828CA86090003BBA3 /* PreviewStoryCell.swift in Sources */,
				E9AA89A128C93D0A00C3B2CD /* ViewPreviewer.swift in Sources */,
				E9AE20C52891C95100B87B23 /* HomeFeedCell.swift in Sources */,
				E9AE20C32891C58300B87B23 /* FeedContent.swift in Sources */,
				E9AE20CA2891CB9E00B87B23 /* ShortsContainerViewCell.swift in Sources */,
				E9AE20A82891A98A00B87B23 /* AppDelegate.swift in Sources */,
				E9AA899F28C9344900C3B2CD /* CommunityPostCell.swift in Sources */,
				E914D1DD28C7EB660046E62E /* AppConstant.swift in Sources */,
				E9AE20AA2891A98A00B87B23 /* SceneDelegate.swift in Sources */,
				E9AE20BD2891AAC300B87B23 /* MainTabbarVC.swift in Sources */,
				E9AE20C12891B1AE00B87B23 /* Utils.swift in Sources */,
				E97BF1C5289AEBA1001EB220 /* VCPreviewer.swift in Sources */,
				E9C4A01628C7AED400466CDD /* MockData.swift in Sources */,
				E914D1DF28C822020046E62E /* CacheableImageView.swift in Sources */,
				E9AE20CC2891CC2000B87B23 /* PreviewShortsCell.swift in Sources */,
				E9C4A01828C7AFD500466CDD /* NetworkingService.swift in Sources */,
				E9995F5D289EB69500221973 /* VideoPlayerView.swift in Sources */,
			);
			runOnlyForDeploymentPostprocessing = 0;
		};
/* End PBXSourcesBuildPhase section */

/* Begin PBXVariantGroup section */
		E9AE20B22891A98C00B87B23 /* LaunchScreen.storyboard */ = {
			isa = PBXVariantGroup;
			children = (
				E9AE20B32891A98C00B87B23 /* Base */,
			);
			name = LaunchScreen.storyboard;
			sourceTree = "<group>";
		};
/* End PBXVariantGroup section */

/* Begin XCBuildConfiguration section */
		E9AE20B62891A98C00B87B23 /* Debug */ = {
			isa = XCBuildConfiguration;
			buildSettings = {
				ALWAYS_SEARCH_USER_PATHS = NO;
				CLANG_ANALYZER_NONNULL = YES;
				CLANG_ANALYZER_NUMBER_OBJECT_CONVERSION = YES_AGGRESSIVE;
				CLANG_CXX_LANGUAGE_STANDARD = "gnu++17";
				CLANG_ENABLE_MODULES = YES;
				CLANG_ENABLE_OBJC_ARC = YES;
				CLANG_ENABLE_OBJC_WEAK = YES;
				CLANG_WARN_BLOCK_CAPTURE_AUTORELEASING = YES;
				CLANG_WARN_BOOL_CONVERSION = YES;
				CLANG_WARN_COMMA = YES;
				CLANG_WARN_CONSTANT_CONVERSION = YES;
				CLANG_WARN_DEPRECATED_OBJC_IMPLEMENTATIONS = YES;
				CLANG_WARN_DIRECT_OBJC_ISA_USAGE = YES_ERROR;
				CLANG_WARN_DOCUMENTATION_COMMENTS = YES;
				CLANG_WARN_EMPTY_BODY = YES;
				CLANG_WARN_ENUM_CONVERSION = YES;
				CLANG_WARN_INFINITE_RECURSION = YES;
				CLANG_WARN_INT_CONVERSION = YES;
				CLANG_WARN_NON_LITERAL_NULL_CONVERSION = YES;
				CLANG_WARN_OBJC_IMPLICIT_RETAIN_SELF = YES;
				CLANG_WARN_OBJC_LITERAL_CONVERSION = YES;
				CLANG_WARN_OBJC_ROOT_CLASS = YES_ERROR;
				CLANG_WARN_QUOTED_INCLUDE_IN_FRAMEWORK_HEADER = YES;
				CLANG_WARN_RANGE_LOOP_ANALYSIS = YES;
				CLANG_WARN_STRICT_PROTOTYPES = YES;
				CLANG_WARN_SUSPICIOUS_MOVE = YES;
				CLANG_WARN_UNGUARDED_AVAILABILITY = YES_AGGRESSIVE;
				CLANG_WARN_UNREACHABLE_CODE = YES;
				CLANG_WARN__DUPLICATE_METHOD_MATCH = YES;
				COPY_PHASE_STRIP = NO;
				DEBUG_INFORMATION_FORMAT = dwarf;
				ENABLE_STRICT_OBJC_MSGSEND = YES;
				ENABLE_TESTABILITY = YES;
				GCC_C_LANGUAGE_STANDARD = gnu11;
				GCC_DYNAMIC_NO_PIC = NO;
				GCC_NO_COMMON_BLOCKS = YES;
				GCC_OPTIMIZATION_LEVEL = 0;
				GCC_PREPROCESSOR_DEFINITIONS = (
					"DEBUG=1",
					"$(inherited)",
				);
				GCC_WARN_64_TO_32_BIT_CONVERSION = YES;
				GCC_WARN_ABOUT_RETURN_TYPE = YES_ERROR;
				GCC_WARN_UNDECLARED_SELECTOR = YES;
				GCC_WARN_UNINITIALIZED_AUTOS = YES_AGGRESSIVE;
				GCC_WARN_UNUSED_FUNCTION = YES;
				GCC_WARN_UNUSED_VARIABLE = YES;
				IPHONEOS_DEPLOYMENT_TARGET = 15.5;
				MTL_ENABLE_DEBUG_INFO = INCLUDE_SOURCE;
				MTL_FAST_MATH = YES;
				ONLY_ACTIVE_ARCH = YES;
				SDKROOT = iphoneos;
				SWIFT_ACTIVE_COMPILATION_CONDITIONS = DEBUG;
				SWIFT_OPTIMIZATION_LEVEL = "-Onone";
			};
			name = Debug;
		};
		E9AE20B72891A98C00B87B23 /* Release */ = {
			isa = XCBuildConfiguration;
			buildSettings = {
				ALWAYS_SEARCH_USER_PATHS = NO;
				CLANG_ANALYZER_NONNULL = YES;
				CLANG_ANALYZER_NUMBER_OBJECT_CONVERSION = YES_AGGRESSIVE;
				CLANG_CXX_LANGUAGE_STANDARD = "gnu++17";
				CLANG_ENABLE_MODULES = YES;
				CLANG_ENABLE_OBJC_ARC = YES;
				CLANG_ENABLE_OBJC_WEAK = YES;
				CLANG_WARN_BLOCK_CAPTURE_AUTORELEASING = YES;
				CLANG_WARN_BOOL_CONVERSION = YES;
				CLANG_WARN_COMMA = YES;
				CLANG_WARN_CONSTANT_CONVERSION = YES;
				CLANG_WARN_DEPRECATED_OBJC_IMPLEMENTATIONS = YES;
				CLANG_WARN_DIRECT_OBJC_ISA_USAGE = YES_ERROR;
				CLANG_WARN_DOCUMENTATION_COMMENTS = YES;
				CLANG_WARN_EMPTY_BODY = YES;
				CLANG_WARN_ENUM_CONVERSION = YES;
				CLANG_WARN_INFINITE_RECURSION = YES;
				CLANG_WARN_INT_CONVERSION = YES;
				CLANG_WARN_NON_LITERAL_NULL_CONVERSION = YES;
				CLANG_WARN_OBJC_IMPLICIT_RETAIN_SELF = YES;
				CLANG_WARN_OBJC_LITERAL_CONVERSION = YES;
				CLANG_WARN_OBJC_ROOT_CLASS = YES_ERROR;
				CLANG_WARN_QUOTED_INCLUDE_IN_FRAMEWORK_HEADER = YES;
				CLANG_WARN_RANGE_LOOP_ANALYSIS = YES;
				CLANG_WARN_STRICT_PROTOTYPES = YES;
				CLANG_WARN_SUSPICIOUS_MOVE = YES;
				CLANG_WARN_UNGUARDED_AVAILABILITY = YES_AGGRESSIVE;
				CLANG_WARN_UNREACHABLE_CODE = YES;
				CLANG_WARN__DUPLICATE_METHOD_MATCH = YES;
				COPY_PHASE_STRIP = NO;
				DEBUG_INFORMATION_FORMAT = "dwarf-with-dsym";
				ENABLE_NS_ASSERTIONS = NO;
				ENABLE_STRICT_OBJC_MSGSEND = YES;
				GCC_C_LANGUAGE_STANDARD = gnu11;
				GCC_NO_COMMON_BLOCKS = YES;
				GCC_WARN_64_TO_32_BIT_CONVERSION = YES;
				GCC_WARN_ABOUT_RETURN_TYPE = YES_ERROR;
				GCC_WARN_UNDECLARED_SELECTOR = YES;
				GCC_WARN_UNINITIALIZED_AUTOS = YES_AGGRESSIVE;
				GCC_WARN_UNUSED_FUNCTION = YES;
				GCC_WARN_UNUSED_VARIABLE = YES;
				IPHONEOS_DEPLOYMENT_TARGET = 15.5;
				MTL_ENABLE_DEBUG_INFO = NO;
				MTL_FAST_MATH = YES;
				SDKROOT = iphoneos;
				SWIFT_COMPILATION_MODE = wholemodule;
				SWIFT_OPTIMIZATION_LEVEL = "-O";
				VALIDATE_PRODUCT = YES;
			};
			name = Release;
		};
		E9AE20B92891A98C00B87B23 /* Debug */ = {
			isa = XCBuildConfiguration;
			buildSettings = {
				ASSETCATALOG_COMPILER_APPICON_NAME = AppIcon;
				ASSETCATALOG_COMPILER_GLOBAL_ACCENT_COLOR_NAME = AccentColor;
				CODE_SIGN_STYLE = Automatic;
				CURRENT_PROJECT_VERSION = 1;
				DEVELOPMENT_TEAM = M6D9BZ85YH;
				GENERATE_INFOPLIST_FILE = YES;
				INFOPLIST_FILE = YoutubeVideoPlayer/Info.plist;
				INFOPLIST_KEY_UIApplicationSupportsIndirectInputEvents = YES;
				INFOPLIST_KEY_UILaunchStoryboardName = LaunchScreen;
				INFOPLIST_KEY_UISupportedInterfaceOrientations = UIInterfaceOrientationPortrait;
				INFOPLIST_KEY_UISupportedInterfaceOrientations_iPad = "UIInterfaceOrientationPortrait UIInterfaceOrientationPortraitUpsideDown UIInterfaceOrientationLandscapeLeft UIInterfaceOrientationLandscapeRight";
				INFOPLIST_KEY_UISupportedInterfaceOrientations_iPhone = "UIInterfaceOrientationPortrait UIInterfaceOrientationLandscapeLeft UIInterfaceOrientationLandscapeRight";
				IPHONEOS_DEPLOYMENT_TARGET = 15.0;
				LD_RUNPATH_SEARCH_PATHS = (
					"$(inherited)",
					"@executable_path/Frameworks",
				);
				MARKETING_VERSION = 1.0;
				PRODUCT_BUNDLE_IDENTIFIER = samisays11.YoutubeVideoPlayer;
				PRODUCT_NAME = "$(TARGET_NAME)";
				SWIFT_EMIT_LOC_STRINGS = YES;
				SWIFT_VERSION = 5.0;
				TARGETED_DEVICE_FAMILY = 1;
			};
			name = Debug;
		};
		E9AE20BA2891A98C00B87B23 /* Release */ = {
			isa = XCBuildConfiguration;
			buildSettings = {
				ASSETCATALOG_COMPILER_APPICON_NAME = AppIcon;
				ASSETCATALOG_COMPILER_GLOBAL_ACCENT_COLOR_NAME = AccentColor;
				CODE_SIGN_STYLE = Automatic;
				CURRENT_PROJECT_VERSION = 1;
				DEVELOPMENT_TEAM = M6D9BZ85YH;
				GENERATE_INFOPLIST_FILE = YES;
				INFOPLIST_FILE = YoutubeVideoPlayer/Info.plist;
				INFOPLIST_KEY_UIApplicationSupportsIndirectInputEvents = YES;
				INFOPLIST_KEY_UILaunchStoryboardName = LaunchScreen;
				INFOPLIST_KEY_UISupportedInterfaceOrientations = UIInterfaceOrientationPortrait;
				INFOPLIST_KEY_UISupportedInterfaceOrientations_iPad = "UIInterfaceOrientationPortrait UIInterfaceOrientationPortraitUpsideDown UIInterfaceOrientationLandscapeLeft UIInterfaceOrientationLandscapeRight";
				INFOPLIST_KEY_UISupportedInterfaceOrientations_iPhone = "UIInterfaceOrientationPortrait UIInterfaceOrientationLandscapeLeft UIInterfaceOrientationLandscapeRight";
				IPHONEOS_DEPLOYMENT_TARGET = 15.0;
				LD_RUNPATH_SEARCH_PATHS = (
					"$(inherited)",
					"@executable_path/Frameworks",
				);
				MARKETING_VERSION = 1.0;
				PRODUCT_BUNDLE_IDENTIFIER = samisays11.YoutubeVideoPlayer;
				PRODUCT_NAME = "$(TARGET_NAME)";
				SWIFT_EMIT_LOC_STRINGS = YES;
				SWIFT_VERSION = 5.0;
				TARGETED_DEVICE_FAMILY = 1;
			};
			name = Release;
		};
/* End XCBuildConfiguration section */

/* Begin XCConfigurationList section */
		E9AE209F2891A98A00B87B23 /* Build configuration list for PBXProject "YoutubeVideoPlayer" */ = {
			isa = XCConfigurationList;
			buildConfigurations = (
				E9AE20B62891A98C00B87B23 /* Debug */,
				E9AE20B72891A98C00B87B23 /* Release */,
			);
			defaultConfigurationIsVisible = 0;
			defaultConfigurationName = Release;
		};
		E9AE20B82891A98C00B87B23 /* Build configuration list for PBXNativeTarget "YoutubeVideoPlayer" */ = {
			isa = XCConfigurationList;
			buildConfigurations = (
				E9AE20B92891A98C00B87B23 /* Debug */,
				E9AE20BA2891A98C00B87B23 /* Release */,
			);
			defaultConfigurationIsVisible = 0;
			defaultConfigurationName = Release;
		};
/* End XCConfigurationList section */
	};
	rootObject = E9AE209C2891A98A00B87B23 /* Project object */;
}
