PODS:
  - MaterialComponents/ActivityIndicator (124.2.0):
    - MaterialComponents/Palettes
    - MaterialComponents/private/Application
    - MDFInternationalization
    - MotionAnimator (~> 4.0)
  - MaterialComponents/Palettes (124.2.0)
  - MaterialComponents/private/Application (124.2.0)
  - MDFInternationalization (3.0.0)
  - MotionAnimator (4.0.1):
    - MotionInterchange (~> 3.0)
  - MotionInterchange (3.0.0)

DEPENDENCIES:
  - MaterialComponents/ActivityIndicator

SPEC REPOS:
  trunk:
    - MaterialComponents
    - MDFInternationalization
    - MotionAnimator
    - MotionInterchange

SPEC CHECKSUMS:
  MaterialComponents: 1a9b2d9d45b1601ae544de85089adc4c464306d4
  MDFInternationalization: d697c55307816222a55685c4ccb1044ffb030c12
  MotionAnimator: 5f99d7c9592928c0f28a66283eda9c3b657dc480
  MotionInterchange: 13adae439b377e31d1674cc165539d50e1d1566a

PODFILE CHECKSUM: 64bef3b206ff53d9ed864ae86f1adade59ef66a2

COCOAPODS: 1.11.3
